// !$*UTF8*$!
{
	archiveVersion = 1;
	classes = {
	};
	objectVersion = 46;
	objects = {

/* Begin PBXBuildFile section */
		0A2906AC20A665C000634DBD /* ThemeManager.swift in Sources */ = {isa = PBXBuildFile; fileRef = 0A2906AB20A665C000634DBD /* ThemeManager.swift */; };
		0A2906AE20A77D9300634DBD /* Handwritten.ttf in Resources */ = {isa = PBXBuildFile; fileRef = 0A2906AD20A77D9200634DBD /* Handwritten.ttf */; };
		0A2906B120A784EC00634DBD /* SettingsTableViewController.swift in Sources */ = {isa = PBXBuildFile; fileRef = 0A2906B020A784EC00634DBD /* SettingsTableViewController.swift */; };
		0A56213F1E5A3647005E3E92 /* SwiftyBeaver.framework in Frameworks */ = {isa = PBXBuildFile; fileRef = 0A56213E1E5A3647005E3E92 /* SwiftyBeaver.framework */; };
		0A5621401E5A3647005E3E92 /* SwiftyBeaver.framework in Embed Frameworks */ = {isa = PBXBuildFile; fileRef = 0A56213E1E5A3647005E3E92 /* SwiftyBeaver.framework */; settings = {ATTRIBUTES = (CodeSignOnCopy, RemoveHeadersOnCopy, ); }; };
		0A59D5961E5A22D700404B2C /* NoiseUI.framework in Frameworks */ = {isa = PBXBuildFile; fileRef = 0A59D58D1E5A22D700404B2C /* NoiseUI.framework */; };
		0A59D59D1E5A22D700404B2C /* NoiseUITests.swift in Sources */ = {isa = PBXBuildFile; fileRef = 0A59D59C1E5A22D700404B2C /* NoiseUITests.swift */; };
		0A59D59F1E5A22D700404B2C /* NoiseUI.h in Headers */ = {isa = PBXBuildFile; fileRef = 0A59D58F1E5A22D700404B2C /* NoiseUI.h */; settings = {ATTRIBUTES = (Public, ); }; };
		0A59D5A21E5A22D700404B2C /* NoiseUI.framework in Frameworks */ = {isa = PBXBuildFile; fileRef = 0A59D58D1E5A22D700404B2C /* NoiseUI.framework */; };
		0A59D5A31E5A22D700404B2C /* NoiseUI.framework in Embed Frameworks */ = {isa = PBXBuildFile; fileRef = 0A59D58D1E5A22D700404B2C /* NoiseUI.framework */; settings = {ATTRIBUTES = (CodeSignOnCopy, RemoveHeadersOnCopy, ); }; };
		0A59D5AD1E5A234600404B2C /* NoisePaint.swift in Sources */ = {isa = PBXBuildFile; fileRef = 0A59D5841E5A08B300404B2C /* NoisePaint.swift */; };
		0A59D5AE1E5A234A00404B2C /* PlayPauseButton.swift in Sources */ = {isa = PBXBuildFile; fileRef = 0A59D55C1E5A02AD00404B2C /* PlayPauseButton.swift */; };
		0A59D5AF1E5A242500404B2C /* Main.storyboard in Resources */ = {isa = PBXBuildFile; fileRef = 0ADF3F3F1E58C18200143B8C /* Main.storyboard */; };
		0A712D3C1EB1337000FDBAD2 /* Fabric.framework in Frameworks */ = {isa = PBXBuildFile; fileRef = 0A712D3A1EB1337000FDBAD2 /* Fabric.framework */; };
		0A712D3D1EB1337000FDBAD2 /* Answers.framework in Frameworks */ = {isa = PBXBuildFile; fileRef = 0A712D3B1EB1337000FDBAD2 /* Answers.framework */; };
		0A8062521E6EC6C200CDFC86 /* NoiseTests.swift in Sources */ = {isa = PBXBuildFile; fileRef = 0A8062511E6EC6C200CDFC86 /* NoiseTests.swift */; };
		0A9DB1CC20A63C9D0016BBBC /* SettingsViewController.swift in Sources */ = {isa = PBXBuildFile; fileRef = 0A9DB1CB20A63C9D0016BBBC /* SettingsViewController.swift */; };
		0AAC988A1EA2923D0007B238 /* DropletView.swift in Sources */ = {isa = PBXBuildFile; fileRef = 0AAC98891EA2923D0007B238 /* DropletView.swift */; };
		0AAC988C1EA2953A0007B238 /* CogView.swift in Sources */ = {isa = PBXBuildFile; fileRef = 0AAC988B1EA2953A0007B238 /* CogView.swift */; };
		0AAC988E1EA2964A0007B238 /* BadgeView.swift in Sources */ = {isa = PBXBuildFile; fileRef = 0AAC988D1EA2964A0007B238 /* BadgeView.swift */; };
		0AAC98921EA299020007B238 /* Theme.swift in Sources */ = {isa = PBXBuildFile; fileRef = 0AAC98911EA299020007B238 /* Theme.swift */; };
		0AAC98941EA2C9CC0007B238 /* NameView.swift in Sources */ = {isa = PBXBuildFile; fileRef = 0AAC98931EA2C9CC0007B238 /* NameView.swift */; };
		0ADF3F3C1E58C18200143B8C /* AppDelegate.swift in Sources */ = {isa = PBXBuildFile; fileRef = 0ADF3F3B1E58C18200143B8C /* AppDelegate.swift */; };
		0ADF3F3E1E58C18200143B8C /* MainViewController.swift in Sources */ = {isa = PBXBuildFile; fileRef = 0ADF3F3D1E58C18200143B8C /* MainViewController.swift */; };
		0ADF3F411E58C18200143B8C /* Main.storyboard in Resources */ = {isa = PBXBuildFile; fileRef = 0ADF3F3F1E58C18200143B8C /* Main.storyboard */; };
		0ADF3F431E58C18200143B8C /* Assets.xcassets in Resources */ = {isa = PBXBuildFile; fileRef = 0ADF3F421E58C18200143B8C /* Assets.xcassets */; };
		0ADF3F461E58C18200143B8C /* LaunchScreen.storyboard in Resources */ = {isa = PBXBuildFile; fileRef = 0ADF3F441E58C18200143B8C /* LaunchScreen.storyboard */; };
		0ADF3F511E58C18200143B8C /* GenerationTests.swift in Sources */ = {isa = PBXBuildFile; fileRef = 0ADF3F501E58C18200143B8C /* GenerationTests.swift */; };
		0ADF3F5C1E58C18200143B8C /* MyNoiseUITests.swift in Sources */ = {isa = PBXBuildFile; fileRef = 0ADF3F5B1E58C18200143B8C /* MyNoiseUITests.swift */; };
		0ADF3F721E591F1F00143B8C /* Noise.swift in Sources */ = {isa = PBXBuildFile; fileRef = 0ADF3F711E591F1F00143B8C /* Noise.swift */; };
		0ADF3F741E592C1D00143B8C /* Generators.swift in Sources */ = {isa = PBXBuildFile; fileRef = 0ADF3F731E592C1D00143B8C /* Generators.swift */; };
		0ADF3F781E5950FA00143B8C /* Globals.swift in Sources */ = {isa = PBXBuildFile; fileRef = 0ADF3F771E5950FA00143B8C /* Globals.swift */; };
		0ADF8F221E89950100520E53 /* Bugsnag.framework in Frameworks */ = {isa = PBXBuildFile; fileRef = 0ADF8F211E89950100520E53 /* Bugsnag.framework */; };
		0ADF8F241E89950500520E53 /* Bugsnag.framework in Embed Frameworks */ = {isa = PBXBuildFile; fileRef = 0ADF8F211E89950100520E53 /* Bugsnag.framework */; settings = {ATTRIBUTES = (CodeSignOnCopy, RemoveHeadersOnCopy, ); }; };
		0AFDDC6120A63FAF005D6F79 /* CustomSegues.swift in Sources */ = {isa = PBXBuildFile; fileRef = 0AFDDC6020A63FAF005D6F79 /* CustomSegues.swift */; };
/* End PBXBuildFile section */

/* Begin PBXContainerItemProxy section */
		0A59D5971E5A22D700404B2C /* PBXContainerItemProxy */ = {
			isa = PBXContainerItemProxy;
			containerPortal = 0ADF3F301E58C18200143B8C /* Project object */;
			proxyType = 1;
			remoteGlobalIDString = 0A59D58C1E5A22D700404B2C;
			remoteInfo = NoiseUI;
		};
		0A59D5991E5A22D700404B2C /* PBXContainerItemProxy */ = {
			isa = PBXContainerItemProxy;
			containerPortal = 0ADF3F301E58C18200143B8C /* Project object */;
			proxyType = 1;
			remoteGlobalIDString = 0ADF3F371E58C18200143B8C;
			remoteInfo = MyNoise;
		};
		0A59D5A01E5A22D700404B2C /* PBXContainerItemProxy */ = {
			isa = PBXContainerItemProxy;
			containerPortal = 0ADF3F301E58C18200143B8C /* Project object */;
			proxyType = 1;
			remoteGlobalIDString = 0A59D58C1E5A22D700404B2C;
			remoteInfo = NoiseUI;
		};
		0ADF3F4D1E58C18200143B8C /* PBXContainerItemProxy */ = {
			isa = PBXContainerItemProxy;
			containerPortal = 0ADF3F301E58C18200143B8C /* Project object */;
			proxyType = 1;
			remoteGlobalIDString = 0ADF3F371E58C18200143B8C;
			remoteInfo = MyNoise;
		};
		0ADF3F581E58C18200143B8C /* PBXContainerItemProxy */ = {
			isa = PBXContainerItemProxy;
			containerPortal = 0ADF3F301E58C18200143B8C /* Project object */;
			proxyType = 1;
			remoteGlobalIDString = 0ADF3F371E58C18200143B8C;
			remoteInfo = MyNoise;
		};
/* End PBXContainerItemProxy section */

/* Begin PBXCopyFilesBuildPhase section */
		0ADF3F6C1E58C82C00143B8C /* Embed Frameworks */ = {
			isa = PBXCopyFilesBuildPhase;
			buildActionMask = 2147483647;
			dstPath = "";
			dstSubfolderSpec = 10;
			files = (
				0ADF8F241E89950500520E53 /* Bugsnag.framework in Embed Frameworks */,
				0A59D5A31E5A22D700404B2C /* NoiseUI.framework in Embed Frameworks */,
				0A5621401E5A3647005E3E92 /* SwiftyBeaver.framework in Embed Frameworks */,
			);
			name = "Embed Frameworks";
			runOnlyForDeploymentPostprocessing = 0;
		};
/* End PBXCopyFilesBuildPhase section */

/* Begin PBXFileReference section */
		0A2906AB20A665C000634DBD /* ThemeManager.swift */ = {isa = PBXFileReference; lastKnownFileType = sourcecode.swift; path = ThemeManager.swift; sourceTree = "<group>"; };
		0A2906AD20A77D9200634DBD /* Handwritten.ttf */ = {isa = PBXFileReference; lastKnownFileType = file; path = Handwritten.ttf; sourceTree = "<group>"; };
		0A2906B020A784EC00634DBD /* SettingsTableViewController.swift */ = {isa = PBXFileReference; lastKnownFileType = sourcecode.swift; path = SettingsTableViewController.swift; sourceTree = "<group>"; };
		0A56213E1E5A3647005E3E92 /* SwiftyBeaver.framework */ = {isa = PBXFileReference; lastKnownFileType = wrapper.framework; name = SwiftyBeaver.framework; path = Carthage/Build/iOS/SwiftyBeaver.framework; sourceTree = "<group>"; };
		0A59D55C1E5A02AD00404B2C /* PlayPauseButton.swift */ = {isa = PBXFileReference; fileEncoding = 4; lastKnownFileType = sourcecode.swift; path = PlayPauseButton.swift; sourceTree = "<group>"; };
		0A59D5841E5A08B300404B2C /* NoisePaint.swift */ = {isa = PBXFileReference; fileEncoding = 4; lastKnownFileType = sourcecode.swift; path = NoisePaint.swift; sourceTree = "<group>"; };
		0A59D5861E5A08D000404B2C /* UIKit.framework */ = {isa = PBXFileReference; lastKnownFileType = wrapper.framework; name = UIKit.framework; path = System/Library/Frameworks/UIKit.framework; sourceTree = SDKROOT; };
		0A59D58D1E5A22D700404B2C /* NoiseUI.framework */ = {isa = PBXFileReference; explicitFileType = wrapper.framework; includeInIndex = 0; path = NoiseUI.framework; sourceTree = BUILT_PRODUCTS_DIR; };
		0A59D58F1E5A22D700404B2C /* NoiseUI.h */ = {isa = PBXFileReference; lastKnownFileType = sourcecode.c.h; path = NoiseUI.h; sourceTree = "<group>"; };
		0A59D5901E5A22D700404B2C /* Info.plist */ = {isa = PBXFileReference; lastKnownFileType = text.plist.xml; path = Info.plist; sourceTree = "<group>"; };
		0A59D5951E5A22D700404B2C /* NoiseUITests.xctest */ = {isa = PBXFileReference; explicitFileType = wrapper.cfbundle; includeInIndex = 0; path = NoiseUITests.xctest; sourceTree = BUILT_PRODUCTS_DIR; };
		0A59D59C1E5A22D700404B2C /* NoiseUITests.swift */ = {isa = PBXFileReference; lastKnownFileType = sourcecode.swift; path = NoiseUITests.swift; sourceTree = "<group>"; };
		0A59D59E1E5A22D700404B2C /* Info.plist */ = {isa = PBXFileReference; lastKnownFileType = text.plist.xml; path = Info.plist; sourceTree = "<group>"; };
		0A712D3A1EB1337000FDBAD2 /* Fabric.framework */ = {isa = PBXFileReference; lastKnownFileType = wrapper.framework; path = Fabric.framework; sourceTree = "<group>"; };
		0A712D3B1EB1337000FDBAD2 /* Answers.framework */ = {isa = PBXFileReference; lastKnownFileType = wrapper.framework; path = Answers.framework; sourceTree = "<group>"; };
		0A8062511E6EC6C200CDFC86 /* NoiseTests.swift */ = {isa = PBXFileReference; fileEncoding = 4; lastKnownFileType = sourcecode.swift; path = NoiseTests.swift; sourceTree = "<group>"; };
		0A9DB1CB20A63C9D0016BBBC /* SettingsViewController.swift */ = {isa = PBXFileReference; lastKnownFileType = sourcecode.swift; path = SettingsViewController.swift; sourceTree = "<group>"; };
		0AAC98891EA2923D0007B238 /* DropletView.swift */ = {isa = PBXFileReference; fileEncoding = 4; lastKnownFileType = sourcecode.swift; path = DropletView.swift; sourceTree = "<group>"; };
		0AAC988B1EA2953A0007B238 /* CogView.swift */ = {isa = PBXFileReference; fileEncoding = 4; lastKnownFileType = sourcecode.swift; path = CogView.swift; sourceTree = "<group>"; };
		0AAC988D1EA2964A0007B238 /* BadgeView.swift */ = {isa = PBXFileReference; fileEncoding = 4; lastKnownFileType = sourcecode.swift; path = BadgeView.swift; sourceTree = "<group>"; };
		0AAC98911EA299020007B238 /* Theme.swift */ = {isa = PBXFileReference; fileEncoding = 4; lastKnownFileType = sourcecode.swift; path = Theme.swift; sourceTree = "<group>"; };
		0AAC98931EA2C9CC0007B238 /* NameView.swift */ = {isa = PBXFileReference; fileEncoding = 4; lastKnownFileType = sourcecode.swift; path = NameView.swift; sourceTree = "<group>"; };
		0ADF3F381E58C18200143B8C /* MyNoise.app */ = {isa = PBXFileReference; explicitFileType = wrapper.application; includeInIndex = 0; path = MyNoise.app; sourceTree = BUILT_PRODUCTS_DIR; };
		0ADF3F3B1E58C18200143B8C /* AppDelegate.swift */ = {isa = PBXFileReference; lastKnownFileType = sourcecode.swift; path = AppDelegate.swift; sourceTree = "<group>"; };
		0ADF3F3D1E58C18200143B8C /* MainViewController.swift */ = {isa = PBXFileReference; lastKnownFileType = sourcecode.swift; path = MainViewController.swift; sourceTree = "<group>"; };
		0ADF3F401E58C18200143B8C /* Base */ = {isa = PBXFileReference; lastKnownFileType = file.storyboard; name = Base; path = Base.lproj/Main.storyboard; sourceTree = "<group>"; };
		0ADF3F421E58C18200143B8C /* Assets.xcassets */ = {isa = PBXFileReference; lastKnownFileType = folder.assetcatalog; path = Assets.xcassets; sourceTree = "<group>"; };
		0ADF3F451E58C18200143B8C /* Base */ = {isa = PBXFileReference; lastKnownFileType = file.storyboard; name = Base; path = Base.lproj/LaunchScreen.storyboard; sourceTree = "<group>"; };
		0ADF3F471E58C18200143B8C /* Info.plist */ = {isa = PBXFileReference; lastKnownFileType = text.plist.xml; path = Info.plist; sourceTree = "<group>"; };
		0ADF3F4C1E58C18200143B8C /* MyNoiseTests.xctest */ = {isa = PBXFileReference; explicitFileType = wrapper.cfbundle; includeInIndex = 0; path = MyNoiseTests.xctest; sourceTree = BUILT_PRODUCTS_DIR; };
		0ADF3F501E58C18200143B8C /* GenerationTests.swift */ = {isa = PBXFileReference; lastKnownFileType = sourcecode.swift; path = GenerationTests.swift; sourceTree = "<group>"; };
		0ADF3F521E58C18200143B8C /* Info.plist */ = {isa = PBXFileReference; lastKnownFileType = text.plist.xml; path = Info.plist; sourceTree = "<group>"; };
		0ADF3F571E58C18200143B8C /* MyNoiseUITests.xctest */ = {isa = PBXFileReference; explicitFileType = wrapper.cfbundle; includeInIndex = 0; path = MyNoiseUITests.xctest; sourceTree = BUILT_PRODUCTS_DIR; };
		0ADF3F5B1E58C18200143B8C /* MyNoiseUITests.swift */ = {isa = PBXFileReference; lastKnownFileType = sourcecode.swift; path = MyNoiseUITests.swift; sourceTree = "<group>"; };
		0ADF3F5D1E58C18200143B8C /* Info.plist */ = {isa = PBXFileReference; lastKnownFileType = text.plist.xml; path = Info.plist; sourceTree = "<group>"; };
		0ADF3F6F1E58E14300143B8C /* AudioToolbox.framework */ = {isa = PBXFileReference; lastKnownFileType = wrapper.framework; name = AudioToolbox.framework; path = System/Library/Frameworks/AudioToolbox.framework; sourceTree = SDKROOT; };
		0ADF3F711E591F1F00143B8C /* Noise.swift */ = {isa = PBXFileReference; fileEncoding = 4; lastKnownFileType = sourcecode.swift; path = Noise.swift; sourceTree = "<group>"; };
		0ADF3F731E592C1D00143B8C /* Generators.swift */ = {isa = PBXFileReference; fileEncoding = 4; lastKnownFileType = sourcecode.swift; path = Generators.swift; sourceTree = "<group>"; };
		0ADF3F771E5950FA00143B8C /* Globals.swift */ = {isa = PBXFileReference; fileEncoding = 4; lastKnownFileType = sourcecode.swift; path = Globals.swift; sourceTree = "<group>"; };
		0ADF8F211E89950100520E53 /* Bugsnag.framework */ = {isa = PBXFileReference; lastKnownFileType = wrapper.framework; name = Bugsnag.framework; path = Carthage/Build/iOS/Bugsnag.framework; sourceTree = "<group>"; };
		0AFDDC6020A63FAF005D6F79 /* CustomSegues.swift */ = {isa = PBXFileReference; lastKnownFileType = sourcecode.swift; path = CustomSegues.swift; sourceTree = "<group>"; };
/* End PBXFileReference section */

/* Begin PBXFrameworksBuildPhase section */
		0A59D5891E5A22D700404B2C /* Frameworks */ = {
			isa = PBXFrameworksBuildPhase;
			buildActionMask = 2147483647;
			files = (
			);
			runOnlyForDeploymentPostprocessing = 0;
		};
		0A59D5921E5A22D700404B2C /* Frameworks */ = {
			isa = PBXFrameworksBuildPhase;
			buildActionMask = 2147483647;
			files = (
				0A59D5961E5A22D700404B2C /* NoiseUI.framework in Frameworks */,
			);
			runOnlyForDeploymentPostprocessing = 0;
		};
		0ADF3F351E58C18200143B8C /* Frameworks */ = {
			isa = PBXFrameworksBuildPhase;
			buildActionMask = 2147483647;
			files = (
				0A712D3D1EB1337000FDBAD2 /* Answers.framework in Frameworks */,
				0A59D5A21E5A22D700404B2C /* NoiseUI.framework in Frameworks */,
				0A56213F1E5A3647005E3E92 /* SwiftyBeaver.framework in Frameworks */,
				0ADF8F221E89950100520E53 /* Bugsnag.framework in Frameworks */,
				0A712D3C1EB1337000FDBAD2 /* Fabric.framework in Frameworks */,
			);
			runOnlyForDeploymentPostprocessing = 0;
		};
		0ADF3F491E58C18200143B8C /* Frameworks */ = {
			isa = PBXFrameworksBuildPhase;
			buildActionMask = 2147483647;
			files = (
			);
			runOnlyForDeploymentPostprocessing = 0;
		};
		0ADF3F541E58C18200143B8C /* Frameworks */ = {
			isa = PBXFrameworksBuildPhase;
			buildActionMask = 2147483647;
			files = (
			);
			runOnlyForDeploymentPostprocessing = 0;
		};
/* End PBXFrameworksBuildPhase section */

/* Begin PBXGroup section */
		0A59D5561E5A01FC00404B2C /* Core Noise */ = {
			isa = PBXGroup;
			children = (
				0ADF3F731E592C1D00143B8C /* Generators.swift */,
				0ADF3F711E591F1F00143B8C /* Noise.swift */,
			);
			path = "Core Noise";
			sourceTree = "<group>";
		};
		0A59D5581E5A022500404B2C /* Helpers */ = {
			isa = PBXGroup;
			children = (
				0ADF3F771E5950FA00143B8C /* Globals.swift */,
			);
			path = Helpers;
			sourceTree = "<group>";
		};
		0A59D5591E5A023100404B2C /* View Controllers */ = {
			isa = PBXGroup;
			children = (
				0ADF3F3D1E58C18200143B8C /* MainViewController.swift */,
				0A9DB1CB20A63C9D0016BBBC /* SettingsViewController.swift */,
				0A2906B020A784EC00634DBD /* SettingsTableViewController.swift */,
			);
			path = "View Controllers";
			sourceTree = "<group>";
		};
		0A59D55A1E5A027C00404B2C /* Storyboards */ = {
			isa = PBXGroup;
			children = (
				0ADF3F441E58C18200143B8C /* LaunchScreen.storyboard */,
				0ADF3F3F1E58C18200143B8C /* Main.storyboard */,
			);
			path = Storyboards;
			sourceTree = "<group>";
		};
		0A59D55B1E5A028C00404B2C /* UI */ = {
			isa = PBXGroup;
			children = (
				0AFDDC6020A63FAF005D6F79 /* CustomSegues.swift */,
				0A2906AB20A665C000634DBD /* ThemeManager.swift */,
				0A59D5591E5A023100404B2C /* View Controllers */,
				0A59D55A1E5A027C00404B2C /* Storyboards */,
			);
			path = UI;
			sourceTree = "<group>";
		};
		0A59D58E1E5A22D700404B2C /* NoiseUI */ = {
			isa = PBXGroup;
			children = (
				0A59D5AC1E5A232500404B2C /* Resources */,
				0A59D5AA1E5A22E900404B2C /* Views */,
				0A59D5841E5A08B300404B2C /* NoisePaint.swift */,
				0AAC98911EA299020007B238 /* Theme.swift */,
			);
			path = NoiseUI;
			sourceTree = "<group>";
		};
		0A59D59B1E5A22D700404B2C /* NoiseUITests */ = {
			isa = PBXGroup;
			children = (
				0A59D59E1E5A22D700404B2C /* Info.plist */,
				0A59D59C1E5A22D700404B2C /* NoiseUITests.swift */,
			);
			path = NoiseUITests;
			sourceTree = "<group>";
		};
		0A59D5AA1E5A22E900404B2C /* Views */ = {
			isa = PBXGroup;
			children = (
				0A59D55C1E5A02AD00404B2C /* PlayPauseButton.swift */,
				0AAC98891EA2923D0007B238 /* DropletView.swift */,
				0AAC988B1EA2953A0007B238 /* CogView.swift */,
				0AAC988D1EA2964A0007B238 /* BadgeView.swift */,
				0AAC98931EA2C9CC0007B238 /* NameView.swift */,
			);
			path = Views;
			sourceTree = "<group>";
		};
		0A59D5AB1E5A230300404B2C /* Resources */ = {
			isa = PBXGroup;
			children = (
				0ADF3F3B1E58C18200143B8C /* AppDelegate.swift */,
				0ADF3F421E58C18200143B8C /* Assets.xcassets */,
				0A2906AD20A77D9200634DBD /* Handwritten.ttf */,
				0ADF3F471E58C18200143B8C /* Info.plist */,
			);
			path = Resources;
			sourceTree = "<group>";
		};
		0A59D5AC1E5A232500404B2C /* Resources */ = {
			isa = PBXGroup;
			children = (
				0A59D5901E5A22D700404B2C /* Info.plist */,
				0A59D58F1E5A22D700404B2C /* NoiseUI.h */,
			);
			path = Resources;
			sourceTree = "<group>";
		};
		0ADF3F2F1E58C18200143B8C = {
			isa = PBXGroup;
			children = (
				0ADF3F6E1E58C86500143B8C /* Frameworks */,
				0ADF3F3A1E58C18200143B8C /* MyNoise */,
				0ADF3F4F1E58C18200143B8C /* MyNoiseTests */,
				0ADF3F5A1E58C18200143B8C /* MyNoiseUITests */,
				0A59D58E1E5A22D700404B2C /* NoiseUI */,
				0A59D59B1E5A22D700404B2C /* NoiseUITests */,
				0ADF3F391E58C18200143B8C /* Products */,
			);
			sourceTree = "<group>";
		};
		0ADF3F391E58C18200143B8C /* Products */ = {
			isa = PBXGroup;
			children = (
				0ADF3F381E58C18200143B8C /* MyNoise.app */,
				0ADF3F4C1E58C18200143B8C /* MyNoiseTests.xctest */,
				0ADF3F571E58C18200143B8C /* MyNoiseUITests.xctest */,
				0A59D58D1E5A22D700404B2C /* NoiseUI.framework */,
				0A59D5951E5A22D700404B2C /* NoiseUITests.xctest */,
			);
			name = Products;
			sourceTree = "<group>";
		};
		0ADF3F3A1E58C18200143B8C /* MyNoise */ = {
			isa = PBXGroup;
			children = (
				0A59D5561E5A01FC00404B2C /* Core Noise */,
				0A59D5581E5A022500404B2C /* Helpers */,
				0A59D5AB1E5A230300404B2C /* Resources */,
				0A59D55B1E5A028C00404B2C /* UI */,
			);
			path = MyNoise;
			sourceTree = "<group>";
		};
		0ADF3F4F1E58C18200143B8C /* MyNoiseTests */ = {
			isa = PBXGroup;
			children = (
				0ADF3F501E58C18200143B8C /* GenerationTests.swift */,
				0ADF3F521E58C18200143B8C /* Info.plist */,
				0A8062511E6EC6C200CDFC86 /* NoiseTests.swift */,
			);
			path = MyNoiseTests;
			sourceTree = "<group>";
		};
		0ADF3F5A1E58C18200143B8C /* MyNoiseUITests */ = {
			isa = PBXGroup;
			children = (
				0ADF3F5D1E58C18200143B8C /* Info.plist */,
				0ADF3F5B1E58C18200143B8C /* MyNoiseUITests.swift */,
			);
			path = MyNoiseUITests;
			sourceTree = "<group>";
		};
		0ADF3F6E1E58C86500143B8C /* Frameworks */ = {
			isa = PBXGroup;
			children = (
				0A712D3A1EB1337000FDBAD2 /* Fabric.framework */,
				0A712D3B1EB1337000FDBAD2 /* Answers.framework */,
				0ADF8F211E89950100520E53 /* Bugsnag.framework */,
				0A56213E1E5A3647005E3E92 /* SwiftyBeaver.framework */,
				0A59D5861E5A08D000404B2C /* UIKit.framework */,
				0ADF3F6F1E58E14300143B8C /* AudioToolbox.framework */,
			);
			name = Frameworks;
			sourceTree = "<group>";
		};
/* End PBXGroup section */

/* Begin PBXHeadersBuildPhase section */
		0A59D58A1E5A22D700404B2C /* Headers */ = {
			isa = PBXHeadersBuildPhase;
			buildActionMask = 2147483647;
			files = (
				0A59D59F1E5A22D700404B2C /* NoiseUI.h in Headers */,
			);
			runOnlyForDeploymentPostprocessing = 0;
		};
/* End PBXHeadersBuildPhase section */

/* Begin PBXNativeTarget section */
		0A59D58C1E5A22D700404B2C /* NoiseUI */ = {
			isa = PBXNativeTarget;
			buildConfigurationList = 0A59D5A41E5A22D700404B2C /* Build configuration list for PBXNativeTarget "NoiseUI" */;
			buildPhases = (
				0A59D5881E5A22D700404B2C /* Sources */,
				0A59D5891E5A22D700404B2C /* Frameworks */,
				0A59D58A1E5A22D700404B2C /* Headers */,
				0A59D58B1E5A22D700404B2C /* Resources */,
			);
			buildRules = (
			);
			dependencies = (
			);
			name = NoiseUI;
			productName = NoiseUI;
			productReference = 0A59D58D1E5A22D700404B2C /* NoiseUI.framework */;
			productType = "com.apple.product-type.framework";
		};
		0A59D5941E5A22D700404B2C /* NoiseUITests */ = {
			isa = PBXNativeTarget;
			buildConfigurationList = 0A59D5A71E5A22D700404B2C /* Build configuration list for PBXNativeTarget "NoiseUITests" */;
			buildPhases = (
				0A59D5911E5A22D700404B2C /* Sources */,
				0A59D5921E5A22D700404B2C /* Frameworks */,
				0A59D5931E5A22D700404B2C /* Resources */,
			);
			buildRules = (
			);
			dependencies = (
				0A59D5981E5A22D700404B2C /* PBXTargetDependency */,
				0A59D59A1E5A22D700404B2C /* PBXTargetDependency */,
			);
			name = NoiseUITests;
			productName = NoiseUITests;
			productReference = 0A59D5951E5A22D700404B2C /* NoiseUITests.xctest */;
			productType = "com.apple.product-type.bundle.unit-test";
		};
		0ADF3F371E58C18200143B8C /* MyNoise */ = {
			isa = PBXNativeTarget;
			buildConfigurationList = 0ADF3F601E58C18200143B8C /* Build configuration list for PBXNativeTarget "MyNoise" */;
			buildPhases = (
				0ADF3F341E58C18200143B8C /* Sources */,
				0ADF3F351E58C18200143B8C /* Frameworks */,
				0ADF3F361E58C18200143B8C /* Resources */,
				0ADF3F6C1E58C82C00143B8C /* Embed Frameworks */,
				0ADF3F6D1E58C83A00143B8C /* Copy Carthage Frameworks */,
				0A712D391EB1334E00FDBAD2 /* Fabric */,
			);
			buildRules = (
			);
			dependencies = (
				0A59D5A11E5A22D700404B2C /* PBXTargetDependency */,
			);
			name = MyNoise;
			productName = MyNoise;
			productReference = 0ADF3F381E58C18200143B8C /* MyNoise.app */;
			productType = "com.apple.product-type.application";
		};
		0ADF3F4B1E58C18200143B8C /* MyNoiseTests */ = {
			isa = PBXNativeTarget;
			buildConfigurationList = 0ADF3F631E58C18200143B8C /* Build configuration list for PBXNativeTarget "MyNoiseTests" */;
			buildPhases = (
				0ADF3F481E58C18200143B8C /* Sources */,
				0ADF3F491E58C18200143B8C /* Frameworks */,
				0ADF3F4A1E58C18200143B8C /* Resources */,
			);
			buildRules = (
			);
			dependencies = (
				0ADF3F4E1E58C18200143B8C /* PBXTargetDependency */,
			);
			name = MyNoiseTests;
			productName = MyNoiseTests;
			productReference = 0ADF3F4C1E58C18200143B8C /* MyNoiseTests.xctest */;
			productType = "com.apple.product-type.bundle.unit-test";
		};
		0ADF3F561E58C18200143B8C /* MyNoiseUITests */ = {
			isa = PBXNativeTarget;
			buildConfigurationList = 0ADF3F661E58C18200143B8C /* Build configuration list for PBXNativeTarget "MyNoiseUITests" */;
			buildPhases = (
				0ADF3F531E58C18200143B8C /* Sources */,
				0ADF3F541E58C18200143B8C /* Frameworks */,
				0ADF3F551E58C18200143B8C /* Resources */,
			);
			buildRules = (
			);
			dependencies = (
				0ADF3F591E58C18200143B8C /* PBXTargetDependency */,
			);
			name = MyNoiseUITests;
			productName = MyNoiseUITests;
			productReference = 0ADF3F571E58C18200143B8C /* MyNoiseUITests.xctest */;
			productType = "com.apple.product-type.bundle.ui-testing";
		};
/* End PBXNativeTarget section */

/* Begin PBXProject section */
		0ADF3F301E58C18200143B8C /* Project object */ = {
			isa = PBXProject;
			attributes = {
				LastSwiftUpdateCheck = 0820;
				LastUpgradeCheck = 0930;
				ORGANIZATIONNAME = "Kevin Sullivan";
				TargetAttributes = {
					0A59D58C1E5A22D700404B2C = {
						CreatedOnToolsVersion = 8.2.1;
						DevelopmentTeam = S7BT87895F;
						LastSwiftMigration = 0920;
						ProvisioningStyle = Automatic;
					};
					0A59D5941E5A22D700404B2C = {
						CreatedOnToolsVersion = 8.2.1;
						DevelopmentTeam = S7BT87895F;
						LastSwiftMigration = 0920;
						ProvisioningStyle = Automatic;
						TestTargetID = 0ADF3F371E58C18200143B8C;
					};
					0ADF3F371E58C18200143B8C = {
						CreatedOnToolsVersion = 8.2.1;
						DevelopmentTeam = S7BT87895F;
						LastSwiftMigration = 0920;
						ProvisioningStyle = Automatic;
					};
					0ADF3F4B1E58C18200143B8C = {
						CreatedOnToolsVersion = 8.2.1;
						DevelopmentTeam = S7BT87895F;
						LastSwiftMigration = 0920;
						ProvisioningStyle = Automatic;
						TestTargetID = 0ADF3F371E58C18200143B8C;
					};
					0ADF3F561E58C18200143B8C = {
						CreatedOnToolsVersion = 8.2.1;
						DevelopmentTeam = S7BT87895F;
						LastSwiftMigration = 0920;
						ProvisioningStyle = Automatic;
						TestTargetID = 0ADF3F371E58C18200143B8C;
					};
				};
			};
			buildConfigurationList = 0ADF3F331E58C18200143B8C /* Build configuration list for PBXProject "MyNoise" */;
			compatibilityVersion = "Xcode 3.2";
			developmentRegion = English;
			hasScannedForEncodings = 0;
			knownRegions = (
				en,
				Base,
			);
			mainGroup = 0ADF3F2F1E58C18200143B8C;
			productRefGroup = 0ADF3F391E58C18200143B8C /* Products */;
			projectDirPath = "";
			projectRoot = "";
			targets = (
				0ADF3F371E58C18200143B8C /* MyNoise */,
				0ADF3F4B1E58C18200143B8C /* MyNoiseTests */,
				0ADF3F561E58C18200143B8C /* MyNoiseUITests */,
				0A59D58C1E5A22D700404B2C /* NoiseUI */,
				0A59D5941E5A22D700404B2C /* NoiseUITests */,
			);
		};
/* End PBXProject section */

/* Begin PBXResourcesBuildPhase section */
		0A59D58B1E5A22D700404B2C /* Resources */ = {
			isa = PBXResourcesBuildPhase;
			buildActionMask = 2147483647;
			files = (
				0A59D5AF1E5A242500404B2C /* Main.storyboard in Resources */,
			);
			runOnlyForDeploymentPostprocessing = 0;
		};
		0A59D5931E5A22D700404B2C /* Resources */ = {
			isa = PBXResourcesBuildPhase;
			buildActionMask = 2147483647;
			files = (
			);
			runOnlyForDeploymentPostprocessing = 0;
		};
		0ADF3F361E58C18200143B8C /* Resources */ = {
			isa = PBXResourcesBuildPhase;
			buildActionMask = 2147483647;
			files = (
				0ADF3F461E58C18200143B8C /* LaunchScreen.storyboard in Resources */,
				0ADF3F431E58C18200143B8C /* Assets.xcassets in Resources */,
				0ADF3F411E58C18200143B8C /* Main.storyboard in Resources */,
				0A2906AE20A77D9300634DBD /* Handwritten.ttf in Resources */,
			);
			runOnlyForDeploymentPostprocessing = 0;
		};
		0ADF3F4A1E58C18200143B8C /* Resources */ = {
			isa = PBXResourcesBuildPhase;
			buildActionMask = 2147483647;
			files = (
			);
			runOnlyForDeploymentPostprocessing = 0;
		};
		0ADF3F551E58C18200143B8C /* Resources */ = {
			isa = PBXResourcesBuildPhase;
			buildActionMask = 2147483647;
			files = (
			);
			runOnlyForDeploymentPostprocessing = 0;
		};
/* End PBXResourcesBuildPhase section */

/* Begin PBXShellScriptBuildPhase section */
		0A712D391EB1334E00FDBAD2 /* Fabric */ = {
			isa = PBXShellScriptBuildPhase;
			buildActionMask = 2147483647;
			files = (
			);
			inputPaths = (
			);
			name = Fabric;
			outputPaths = (
			);
			runOnlyForDeploymentPostprocessing = 0;
			shellPath = /bin/sh;
			shellScript = "./Fabric.framework/run e9e0fd3a066ecdbf0929f4b7ad16a4dc16d5468b 29c867f398edb79a7f762f24fb3193b235728bdceb51a924c84ba7c78564ee4d";
		};
		0ADF3F6D1E58C83A00143B8C /* Copy Carthage Frameworks */ = {
			isa = PBXShellScriptBuildPhase;
			buildActionMask = 8;
			files = (
			);
			inputPaths = (
				"$(SRCROOT)/Carthage/Build/iOS/SwiftyBeaver.framework",
				"$(SRCROOT)/Carthage/Build/iOS/Bugsnag.framework",
			);
			name = "Copy Carthage Frameworks";
			outputPaths = (
			);
			runOnlyForDeploymentPostprocessing = 1;
			shellPath = /bin/sh;
			shellScript = "/usr/local/bin/carthage copy-frameworks";
		};
/* End PBXShellScriptBuildPhase section */

/* Begin PBXSourcesBuildPhase section */
		0A59D5881E5A22D700404B2C /* Sources */ = {
			isa = PBXSourcesBuildPhase;
			buildActionMask = 2147483647;
			files = (
				0AAC988E1EA2964A0007B238 /* BadgeView.swift in Sources */,
				0AAC988C1EA2953A0007B238 /* CogView.swift in Sources */,
				0A59D5AE1E5A234A00404B2C /* PlayPauseButton.swift in Sources */,
				0AAC988A1EA2923D0007B238 /* DropletView.swift in Sources */,
				0AAC98941EA2C9CC0007B238 /* NameView.swift in Sources */,
				0A59D5AD1E5A234600404B2C /* NoisePaint.swift in Sources */,
				0AAC98921EA299020007B238 /* Theme.swift in Sources */,
			);
			runOnlyForDeploymentPostprocessing = 0;
		};
		0A59D5911E5A22D700404B2C /* Sources */ = {
			isa = PBXSourcesBuildPhase;
			buildActionMask = 2147483647;
			files = (
				0A59D59D1E5A22D700404B2C /* NoiseUITests.swift in Sources */,
			);
			runOnlyForDeploymentPostprocessing = 0;
		};
		0ADF3F341E58C18200143B8C /* Sources */ = {
			isa = PBXSourcesBuildPhase;
			buildActionMask = 2147483647;
			files = (
				0ADF3F781E5950FA00143B8C /* Globals.swift in Sources */,
				0ADF3F3E1E58C18200143B8C /* MainViewController.swift in Sources */,
				0ADF3F741E592C1D00143B8C /* Generators.swift in Sources */,
				0ADF3F721E591F1F00143B8C /* Noise.swift in Sources */,
				0AFDDC6120A63FAF005D6F79 /* CustomSegues.swift in Sources */,
				0A2906AC20A665C000634DBD /* ThemeManager.swift in Sources */,
				0ADF3F3C1E58C18200143B8C /* AppDelegate.swift in Sources */,
				0A9DB1CC20A63C9D0016BBBC /* SettingsViewController.swift in Sources */,
				0A2906B120A784EC00634DBD /* SettingsTableViewController.swift in Sources */,
			);
			runOnlyForDeploymentPostprocessing = 0;
		};
		0ADF3F481E58C18200143B8C /* Sources */ = {
			isa = PBXSourcesBuildPhase;
			buildActionMask = 2147483647;
			files = (
				0A8062521E6EC6C200CDFC86 /* NoiseTests.swift in Sources */,
				0ADF3F511E58C18200143B8C /* GenerationTests.swift in Sources */,
			);
			runOnlyForDeploymentPostprocessing = 0;
		};
		0ADF3F531E58C18200143B8C /* Sources */ = {
			isa = PBXSourcesBuildPhase;
			buildActionMask = 2147483647;
			files = (
				0ADF3F5C1E58C18200143B8C /* MyNoiseUITests.swift in Sources */,
			);
			runOnlyForDeploymentPostprocessing = 0;
		};
/* End PBXSourcesBuildPhase section */

/* Begin PBXTargetDependency section */
		0A59D5981E5A22D700404B2C /* PBXTargetDependency */ = {
			isa = PBXTargetDependency;
			target = 0A59D58C1E5A22D700404B2C /* NoiseUI */;
			targetProxy = 0A59D5971E5A22D700404B2C /* PBXContainerItemProxy */;
		};
		0A59D59A1E5A22D700404B2C /* PBXTargetDependency */ = {
			isa = PBXTargetDependency;
			target = 0ADF3F371E58C18200143B8C /* MyNoise */;
			targetProxy = 0A59D5991E5A22D700404B2C /* PBXContainerItemProxy */;
		};
		0A59D5A11E5A22D700404B2C /* PBXTargetDependency */ = {
			isa = PBXTargetDependency;
			target = 0A59D58C1E5A22D700404B2C /* NoiseUI */;
			targetProxy = 0A59D5A01E5A22D700404B2C /* PBXContainerItemProxy */;
		};
		0ADF3F4E1E58C18200143B8C /* PBXTargetDependency */ = {
			isa = PBXTargetDependency;
			target = 0ADF3F371E58C18200143B8C /* MyNoise */;
			targetProxy = 0ADF3F4D1E58C18200143B8C /* PBXContainerItemProxy */;
		};
		0ADF3F591E58C18200143B8C /* PBXTargetDependency */ = {
			isa = PBXTargetDependency;
			target = 0ADF3F371E58C18200143B8C /* MyNoise */;
			targetProxy = 0ADF3F581E58C18200143B8C /* PBXContainerItemProxy */;
		};
/* End PBXTargetDependency section */

/* Begin PBXVariantGroup section */
		0ADF3F3F1E58C18200143B8C /* Main.storyboard */ = {
			isa = PBXVariantGroup;
			children = (
				0ADF3F401E58C18200143B8C /* Base */,
			);
			name = Main.storyboard;
			path = .;
			sourceTree = "<group>";
		};
		0ADF3F441E58C18200143B8C /* LaunchScreen.storyboard */ = {
			isa = PBXVariantGroup;
			children = (
				0ADF3F451E58C18200143B8C /* Base */,
			);
			name = LaunchScreen.storyboard;
			path = .;
			sourceTree = "<group>";
		};
/* End PBXVariantGroup section */

/* Begin XCBuildConfiguration section */
		0A59D5A51E5A22D700404B2C /* Debug */ = {
			isa = XCBuildConfiguration;
			buildSettings = {
				CODE_SIGN_IDENTITY = "";
				CURRENT_PROJECT_VERSION = 1;
				DEFINES_MODULE = YES;
				DEVELOPMENT_TEAM = S7BT87895F;
				DYLIB_COMPATIBILITY_VERSION = 1;
				DYLIB_CURRENT_VERSION = 1;
				DYLIB_INSTALL_NAME_BASE = "@rpath";
				ENABLE_TESTABILITY = YES;
				INFOPLIST_FILE = NoiseUI/Resources/Info.plist;
				INSTALL_PATH = "$(LOCAL_LIBRARY_DIR)/Frameworks";
				LD_RUNPATH_SEARCH_PATHS = "$(inherited) @executable_path/Frameworks @loader_path/Frameworks";
				PRODUCT_BUNDLE_IDENTIFIER = com.sideapps.NoiseUI;
				PRODUCT_NAME = "$(TARGET_NAME)";
				SKIP_INSTALL = YES;
				SWIFT_SWIFT3_OBJC_INFERENCE = Default;
				SWIFT_VERSION = 4.0;
				VERSIONING_SYSTEM = "apple-generic";
				VERSION_INFO_PREFIX = "";
			};
			name = Debug;
		};
		0A59D5A61E5A22D700404B2C /* Release */ = {
			isa = XCBuildConfiguration;
			buildSettings = {
				CODE_SIGN_IDENTITY = "";
				CURRENT_PROJECT_VERSION = 1;
				DEFINES_MODULE = YES;
				DEVELOPMENT_TEAM = S7BT87895F;
				DYLIB_COMPATIBILITY_VERSION = 1;
				DYLIB_CURRENT_VERSION = 1;
				DYLIB_INSTALL_NAME_BASE = "@rpath";
				ENABLE_TESTABILITY = NO;
				INFOPLIST_FILE = NoiseUI/Resources/Info.plist;
				INSTALL_PATH = "$(LOCAL_LIBRARY_DIR)/Frameworks";
				LD_RUNPATH_SEARCH_PATHS = "$(inherited) @executable_path/Frameworks @loader_path/Frameworks";
				PRODUCT_BUNDLE_IDENTIFIER = com.sideapps.NoiseUI;
				PRODUCT_NAME = "$(TARGET_NAME)";
				SKIP_INSTALL = YES;
				SWIFT_SWIFT3_OBJC_INFERENCE = Default;
				SWIFT_VERSION = 4.0;
				VERSIONING_SYSTEM = "apple-generic";
				VERSION_INFO_PREFIX = "";
			};
			name = Release;
		};
		0A59D5A81E5A22D700404B2C /* Debug */ = {
			isa = XCBuildConfiguration;
			buildSettings = {
				ALWAYS_EMBED_SWIFT_STANDARD_LIBRARIES = YES;
				DEVELOPMENT_TEAM = S7BT87895F;
				INFOPLIST_FILE = NoiseUITests/Info.plist;
				LD_RUNPATH_SEARCH_PATHS = "$(inherited) @executable_path/Frameworks @loader_path/Frameworks";
				PRODUCT_BUNDLE_IDENTIFIER = com.sideapps.NoiseUITests;
				PRODUCT_NAME = "$(TARGET_NAME)";
				SWIFT_SWIFT3_OBJC_INFERENCE = Default;
				SWIFT_VERSION = 4.0;
				TEST_HOST = "$(BUILT_PRODUCTS_DIR)/MyNoise.app/MyNoise";
			};
			name = Debug;
		};
		0A59D5A91E5A22D700404B2C /* Release */ = {
			isa = XCBuildConfiguration;
			buildSettings = {
				ALWAYS_EMBED_SWIFT_STANDARD_LIBRARIES = YES;
				DEVELOPMENT_TEAM = S7BT87895F;
				INFOPLIST_FILE = NoiseUITests/Info.plist;
				LD_RUNPATH_SEARCH_PATHS = "$(inherited) @executable_path/Frameworks @loader_path/Frameworks";
				PRODUCT_BUNDLE_IDENTIFIER = com.sideapps.NoiseUITests;
				PRODUCT_NAME = "$(TARGET_NAME)";
				SWIFT_SWIFT3_OBJC_INFERENCE = Default;
				SWIFT_VERSION = 4.0;
				TEST_HOST = "$(BUILT_PRODUCTS_DIR)/MyNoise.app/MyNoise";
			};
			name = Release;
		};
		0ADF3F5E1E58C18200143B8C /* Debug */ = {
			isa = XCBuildConfiguration;
			buildSettings = {
				ALWAYS_SEARCH_USER_PATHS = NO;
				CLANG_ANALYZER_NONNULL = YES;
				CLANG_CXX_LANGUAGE_STANDARD = "gnu++0x";
				CLANG_CXX_LIBRARY = "libc++";
				CLANG_ENABLE_MODULES = YES;
				CLANG_ENABLE_OBJC_ARC = YES;
				CLANG_WARN_BLOCK_CAPTURE_AUTORELEASING = YES;
				CLANG_WARN_BOOL_CONVERSION = YES;
				CLANG_WARN_COMMA = YES;
				CLANG_WARN_CONSTANT_CONVERSION = YES;
				CLANG_WARN_DEPRECATED_OBJC_IMPLEMENTATIONS = YES;
				CLANG_WARN_DIRECT_OBJC_ISA_USAGE = YES_ERROR;
				CLANG_WARN_DOCUMENTATION_COMMENTS = YES;
				CLANG_WARN_EMPTY_BODY = YES;
				CLANG_WARN_ENUM_CONVERSION = YES;
				CLANG_WARN_INFINITE_RECURSION = YES;
				CLANG_WARN_INT_CONVERSION = YES;
				CLANG_WARN_NON_LITERAL_NULL_CONVERSION = YES;
				CLANG_WARN_OBJC_IMPLICIT_RETAIN_SELF = YES;
				CLANG_WARN_OBJC_LITERAL_CONVERSION = YES;
				CLANG_WARN_OBJC_ROOT_CLASS = YES_ERROR;
				CLANG_WARN_RANGE_LOOP_ANALYSIS = YES;
				CLANG_WARN_STRICT_PROTOTYPES = YES;
				CLANG_WARN_SUSPICIOUS_MOVE = YES;
				CLANG_WARN_UNREACHABLE_CODE = YES;
				CLANG_WARN__DUPLICATE_METHOD_MATCH = YES;
				"CODE_SIGN_IDENTITY[sdk=iphoneos*]" = "iPhone Developer";
				COPY_PHASE_STRIP = NO;
				DEBUG_INFORMATION_FORMAT = "dwarf-with-dsym";
				ENABLE_STRICT_OBJC_MSGSEND = YES;
				ENABLE_TESTABILITY = YES;
				GCC_C_LANGUAGE_STANDARD = gnu99;
				GCC_DYNAMIC_NO_PIC = NO;
				GCC_NO_COMMON_BLOCKS = YES;
				GCC_OPTIMIZATION_LEVEL = 0;
				GCC_PREPROCESSOR_DEFINITIONS = (
					"DEBUG=1",
					"$(inherited)",
				);
				GCC_WARN_64_TO_32_BIT_CONVERSION = YES;
				GCC_WARN_ABOUT_RETURN_TYPE = YES_ERROR;
				GCC_WARN_UNDECLARED_SELECTOR = YES;
				GCC_WARN_UNINITIALIZED_AUTOS = YES_AGGRESSIVE;
				GCC_WARN_UNUSED_FUNCTION = YES;
				GCC_WARN_UNUSED_VARIABLE = YES;
				IPHONEOS_DEPLOYMENT_TARGET = 10.2;
				MTL_ENABLE_DEBUG_INFO = YES;
				ONLY_ACTIVE_ARCH = YES;
				SDKROOT = iphoneos;
				SWIFT_ACTIVE_COMPILATION_CONDITIONS = DEBUG;
				SWIFT_OPTIMIZATION_LEVEL = "-Onone";
				TARGETED_DEVICE_FAMILY = "1,2";
			};
			name = Debug;
		};
		0ADF3F5F1E58C18200143B8C /* Release */ = {
			isa = XCBuildConfiguration;
			buildSettings = {
				ALWAYS_SEARCH_USER_PATHS = NO;
				CLANG_ANALYZER_NONNULL = YES;
				CLANG_CXX_LANGUAGE_STANDARD = "gnu++0x";
				CLANG_CXX_LIBRARY = "libc++";
				CLANG_ENABLE_MODULES = YES;
				CLANG_ENABLE_OBJC_ARC = YES;
				CLANG_WARN_BLOCK_CAPTURE_AUTORELEASING = YES;
				CLANG_WARN_BOOL_CONVERSION = YES;
				CLANG_WARN_COMMA = YES;
				CLANG_WARN_CONSTANT_CONVERSION = YES;
				CLANG_WARN_DEPRECATED_OBJC_IMPLEMENTATIONS = YES;
				CLANG_WARN_DIRECT_OBJC_ISA_USAGE = YES_ERROR;
				CLANG_WARN_DOCUMENTATION_COMMENTS = YES;
				CLANG_WARN_EMPTY_BODY = YES;
				CLANG_WARN_ENUM_CONVERSION = YES;
				CLANG_WARN_INFINITE_RECURSION = YES;
				CLANG_WARN_INT_CONVERSION = YES;
				CLANG_WARN_NON_LITERAL_NULL_CONVERSION = YES;
				CLANG_WARN_OBJC_IMPLICIT_RETAIN_SELF = YES;
				CLANG_WARN_OBJC_LITERAL_CONVERSION = YES;
				CLANG_WARN_OBJC_ROOT_CLASS = YES_ERROR;
				CLANG_WARN_RANGE_LOOP_ANALYSIS = YES;
				CLANG_WARN_STRICT_PROTOTYPES = YES;
				CLANG_WARN_SUSPICIOUS_MOVE = YES;
				CLANG_WARN_UNREACHABLE_CODE = YES;
				CLANG_WARN__DUPLICATE_METHOD_MATCH = YES;
				"CODE_SIGN_IDENTITY[sdk=iphoneos*]" = "iPhone Developer";
				COPY_PHASE_STRIP = NO;
				DEBUG_INFORMATION_FORMAT = "dwarf-with-dsym";
				ENABLE_NS_ASSERTIONS = NO;
				ENABLE_STRICT_OBJC_MSGSEND = YES;
				GCC_C_LANGUAGE_STANDARD = gnu99;
				GCC_NO_COMMON_BLOCKS = YES;
				GCC_WARN_64_TO_32_BIT_CONVERSION = YES;
				GCC_WARN_ABOUT_RETURN_TYPE = YES_ERROR;
				GCC_WARN_UNDECLARED_SELECTOR = YES;
				GCC_WARN_UNINITIALIZED_AUTOS = YES_AGGRESSIVE;
				GCC_WARN_UNUSED_FUNCTION = YES;
				GCC_WARN_UNUSED_VARIABLE = YES;
				IPHONEOS_DEPLOYMENT_TARGET = 10.2;
				MTL_ENABLE_DEBUG_INFO = NO;
				SDKROOT = iphoneos;
				SWIFT_OPTIMIZATION_LEVEL = "-Owholemodule";
				TARGETED_DEVICE_FAMILY = "1,2";
				VALIDATE_PRODUCT = YES;
			};
			name = Release;
		};
		0ADF3F611E58C18200143B8C /* Debug */ = {
			isa = XCBuildConfiguration;
			buildSettings = {
				ALWAYS_EMBED_SWIFT_STANDARD_LIBRARIES = YES;
				ASSETCATALOG_COMPILER_APPICON_NAME = AppIcon;
				DEVELOPMENT_TEAM = S7BT87895F;
				FRAMEWORK_SEARCH_PATHS = (
					"$(inherited)",
					"$(PROJECT_DIR)/Carthage/Build/iOS",
					"$(PROJECT_DIR)",
				);
				INFOPLIST_FILE = MyNoise/Resources/Info.plist;
				IPHONEOS_DEPLOYMENT_TARGET = 11.0;
				LD_RUNPATH_SEARCH_PATHS = "$(inherited) @executable_path/Frameworks";
				PRODUCT_BUNDLE_IDENTIFIER = com.sideapps.MyNoise;
				PRODUCT_NAME = "$(TARGET_NAME)";
				SWIFT_SWIFT3_OBJC_INFERENCE = Default;
				SWIFT_VERSION = 4.0;
			};
			name = Debug;
		};
		0ADF3F621E58C18200143B8C /* Release */ = {
			isa = XCBuildConfiguration;
			buildSettings = {
				ALWAYS_EMBED_SWIFT_STANDARD_LIBRARIES = YES;
				ASSETCATALOG_COMPILER_APPICON_NAME = AppIcon;
				DEVELOPMENT_TEAM = S7BT87895F;
				FRAMEWORK_SEARCH_PATHS = (
					"$(inherited)",
					"$(PROJECT_DIR)/Carthage/Build/iOS",
					"$(PROJECT_DIR)",
				);
				INFOPLIST_FILE = MyNoise/Resources/Info.plist;
				IPHONEOS_DEPLOYMENT_TARGET = 11.0;
				LD_RUNPATH_SEARCH_PATHS = "$(inherited) @executable_path/Frameworks";
				PRODUCT_BUNDLE_IDENTIFIER = com.sideapps.MyNoise;
				PRODUCT_NAME = "$(TARGET_NAME)";
				SWIFT_SWIFT3_OBJC_INFERENCE = Default;
				SWIFT_VERSION = 4.0;
			};
			name = Release;
		};
		0ADF3F641E58C18200143B8C /* Debug */ = {
			isa = XCBuildConfiguration;
			buildSettings = {
				ALWAYS_EMBED_SWIFT_STANDARD_LIBRARIES = YES;
				BUNDLE_LOADER = "$(TEST_HOST)";
				DEVELOPMENT_TEAM = S7BT87895F;
				INFOPLIST_FILE = MyNoiseTests/Info.plist;
				LD_RUNPATH_SEARCH_PATHS = "$(inherited) @executable_path/Frameworks @loader_path/Frameworks";
				PRODUCT_BUNDLE_IDENTIFIER = com.sideapps.MyNoiseTests;
				PRODUCT_NAME = "$(TARGET_NAME)";
				SWIFT_SWIFT3_OBJC_INFERENCE = Default;
				SWIFT_VERSION = 4.0;
				TEST_HOST = "$(BUILT_PRODUCTS_DIR)/MyNoise.app/MyNoise";
			};
			name = Debug;
		};
		0ADF3F651E58C18200143B8C /* Release */ = {
			isa = XCBuildConfiguration;
			buildSettings = {
				ALWAYS_EMBED_SWIFT_STANDARD_LIBRARIES = YES;
				BUNDLE_LOADER = "$(TEST_HOST)";
				DEVELOPMENT_TEAM = S7BT87895F;
				INFOPLIST_FILE = MyNoiseTests/Info.plist;
				LD_RUNPATH_SEARCH_PATHS = "$(inherited) @executable_path/Frameworks @loader_path/Frameworks";
				PRODUCT_BUNDLE_IDENTIFIER = com.sideapps.MyNoiseTests;
				PRODUCT_NAME = "$(TARGET_NAME)";
				SWIFT_SWIFT3_OBJC_INFERENCE = Default;
				SWIFT_VERSION = 4.0;
				TEST_HOST = "$(BUILT_PRODUCTS_DIR)/MyNoise.app/MyNoise";
			};
			name = Release;
		};
		0ADF3F671E58C18200143B8C /* Debug */ = {
			isa = XCBuildConfiguration;
			buildSettings = {
				ALWAYS_EMBED_SWIFT_STANDARD_LIBRARIES = YES;
				DEVELOPMENT_TEAM = S7BT87895F;
				INFOPLIST_FILE = MyNoiseUITests/Info.plist;
				LD_RUNPATH_SEARCH_PATHS = "$(inherited) @executable_path/Frameworks @loader_path/Frameworks";
				PRODUCT_BUNDLE_IDENTIFIER = com.sideapps.MyNoiseUITests;
				PRODUCT_NAME = "$(TARGET_NAME)";
				SWIFT_SWIFT3_OBJC_INFERENCE = Default;
				SWIFT_VERSION = 4.0;
				TEST_TARGET_NAME = MyNoise;
			};
			name = Debug;
		};
		0ADF3F681E58C18200143B8C /* Release */ = {
			isa = XCBuildConfiguration;
			buildSettings = {
				ALWAYS_EMBED_SWIFT_STANDARD_LIBRARIES = YES;
				DEVELOPMENT_TEAM = S7BT87895F;
				INFOPLIST_FILE = MyNoiseUITests/Info.plist;
				LD_RUNPATH_SEARCH_PATHS = "$(inherited) @executable_path/Frameworks @loader_path/Frameworks";
				PRODUCT_BUNDLE_IDENTIFIER = com.sideapps.MyNoiseUITests;
				PRODUCT_NAME = "$(TARGET_NAME)";
				SWIFT_SWIFT3_OBJC_INFERENCE = Default;
				SWIFT_VERSION = 4.0;
				TEST_TARGET_NAME = MyNoise;
			};
			name = Release;
		};
/* End XCBuildConfiguration section */

/* Begin XCConfigurationList section */
		0A59D5A41E5A22D700404B2C /* Build configuration list for PBXNativeTarget "NoiseUI" */ = {
			isa = XCConfigurationList;
			buildConfigurations = (
				0A59D5A51E5A22D700404B2C /* Debug */,
				0A59D5A61E5A22D700404B2C /* Release */,
			);
			defaultConfigurationIsVisible = 0;
			defaultConfigurationName = Release;
		};
		0A59D5A71E5A22D700404B2C /* Build configuration list for PBXNativeTarget "NoiseUITests" */ = {
			isa = XCConfigurationList;
			buildConfigurations = (
				0A59D5A81E5A22D700404B2C /* Debug */,
				0A59D5A91E5A22D700404B2C /* Release */,
			);
			defaultConfigurationIsVisible = 0;
			defaultConfigurationName = Release;
		};
		0ADF3F331E58C18200143B8C /* Build configuration list for PBXProject "MyNoise" */ = {
			isa = XCConfigurationList;
			buildConfigurations = (
				0ADF3F5E1E58C18200143B8C /* Debug */,
				0ADF3F5F1E58C18200143B8C /* Release */,
			);
			defaultConfigurationIsVisible = 0;
			defaultConfigurationName = Release;
		};
		0ADF3F601E58C18200143B8C /* Build configuration list for PBXNativeTarget "MyNoise" */ = {
			isa = XCConfigurationList;
			buildConfigurations = (
				0ADF3F611E58C18200143B8C /* Debug */,
				0ADF3F621E58C18200143B8C /* Release */,
			);
			defaultConfigurationIsVisible = 0;
			defaultConfigurationName = Release;
		};
		0ADF3F631E58C18200143B8C /* Build configuration list for PBXNativeTarget "MyNoiseTests" */ = {
			isa = XCConfigurationList;
			buildConfigurations = (
				0ADF3F641E58C18200143B8C /* Debug */,
				0ADF3F651E58C18200143B8C /* Release */,
			);
			defaultConfigurationIsVisible = 0;
			defaultConfigurationName = Release;
		};
		0ADF3F661E58C18200143B8C /* Build configuration list for PBXNativeTarget "MyNoiseUITests" */ = {
			isa = XCConfigurationList;
			buildConfigurations = (
				0ADF3F671E58C18200143B8C /* Debug */,
				0ADF3F681E58C18200143B8C /* Release */,
			);
			defaultConfigurationIsVisible = 0;
			defaultConfigurationName = Release;
		};
/* End XCConfigurationList section */
	};
	rootObject = 0ADF3F301E58C18200143B8C /* Project object */;
}
